
Microsoft Visual Studio Solution File, Format Version 12.00
# Visual Studio 15
VisualStudioVersion = 15.0.27130.2010
MinimumVisualStudioVersion = 10.0.40219.1
Project("{FF286327-C783-4F7A-AB73-9BCBAD0D4460}") = "Nuget.nanoFramework.Runtime.Events", "Nuget.nanoFramework.Runtime.Events\Nuget.nanoFramework.Runtime.Events.nuproj", "{C6829C9D-C824-4609-A1E0-029594AAFFCE}"
EndProject
Project("{FF286327-C783-4F7A-AB73-9BCBAD0D4460}") = "Nuget.nanoFramework.Runtime.Events.DELIVERABLES", "Nuget.nanoFramework.Runtime.Events.DELIVERABLES\Nuget.nanoFramework.Runtime.Events.DELIVERABLES.nuproj", "{E9FBDD2D-BFF9-41B7-BAE4-0CE37500DECF}"
EndProject
Global
	GlobalSection(SolutionConfigurationPlatforms) = preSolution
		Debug|Any CPU = Debug|Any CPU
		Release|Any CPU = Release|Any CPU
	EndGlobalSection
	GlobalSection(ProjectConfigurationPlatforms) = postSolution
		{C6829C9D-C824-4609-A1E0-029594AAFFCE}.Debug|Any CPU.ActiveCfg = Debug|Any CPU
		{C6829C9D-C824-4609-A1E0-029594AAFFCE}.Debug|Any CPU.Build.0 = Debug|Any CPU
		{C6829C9D-C824-4609-A1E0-029594AAFFCE}.Release|Any CPU.ActiveCfg = Release|Any CPU
		{C6829C9D-C824-4609-A1E0-029594AAFFCE}.Release|Any CPU.Build.0 = Release|Any CPU
		{E9FBDD2D-BFF9-41B7-BAE4-0CE37500DECF}.Debug|Any CPU.ActiveCfg = Debug|Any CPU
		{E9FBDD2D-BFF9-41B7-BAE4-0CE37500DECF}.Debug|Any CPU.Build.0 = Debug|Any CPU
		{E9FBDD2D-BFF9-41B7-BAE4-0CE37500DECF}.Release|Any CPU.ActiveCfg = Release|Any CPU
		{E9FBDD2D-BFF9-41B7-BAE4-0CE37500DECF}.Release|Any CPU.Build.0 = Release|Any CPU
	EndGlobalSection
	GlobalSection(SolutionProperties) = preSolution
		HideSolutionNode = FALSE
	EndGlobalSection
	GlobalSection(ExtensibilityGlobals) = postSolution
		SolutionGuid = {384F70F6-743D-4681-891F-3C88FB5AC318}
	EndGlobalSection
EndGlobal
